
Microsoft Visual Studio Solution File, Format Version 12.00
# Visual Studio 15
VisualStudioVersion = 15.0.28307.705
MinimumVisualStudioVersion = 10.0.40219.1
Project("{F184B08F-C81C-45F6-A57F-5ABD9991F28F}") = "UpdateStock", "UpdateStock\UpdateStock.vbproj", "{AEC29E08-A5BB-4073-973C-550E7752FC1D}"
EndProject
Global
	GlobalSection(SolutionConfigurationPlatforms) = preSolution
		Debug|Any CPU = Debug|Any CPU
		Release|Any CPU = Release|Any CPU
	EndGlobalSection
	GlobalSection(ProjectConfigurationPlatforms) = postSolution
		{AEC29E08-A5BB-4073-973C-550E7752FC1D}.Debug|Any CPU.ActiveCfg = Debug|Any CPU
		{AEC29E08-A5BB-4073-973C-550E7752FC1D}.Debug|Any CPU.Build.0 = Debug|Any CPU
		{AEC29E08-A5BB-4073-973C-550E7752FC1D}.Release|Any CPU.ActiveCfg = Release|Any CPU
		{AEC29E08-A5BB-4073-973C-550E7752FC1D}.Release|Any CPU.Build.0 = Release|Any CPU
	EndGlobalSection
	GlobalSection(SolutionProperties) = preSolution
		HideSolutionNode = FALSE
	EndGlobalSection
	GlobalSection(ExtensibilityGlobals) = postSolution
		SolutionGuid = {CFDA6E91-CB42-4750-B07B-2F6B6DEEE562}
	EndGlobalSection
EndGlobal
